PODS:
  - AppAuth (1.6.2):
    - AppAuth/Core (= 1.6.2)
    - AppAuth/ExternalUserAgent (= 1.6.2)
  - AppAuth/Core (1.6.2)
  - AppAuth/ExternalUserAgent (1.6.2):
    - AppAuth/Core
  - camera_avfoundation (0.0.1):
    - Flutter
  - connectivity_plus (0.0.1):
    - Flutter
    - ReachabilitySwift
  - device_calendar (0.0.1):
    - Flutter
  - DKImagePickerController/Core (4.3.4):
    - DKImagePickerController/ImageDataManager
    - DKImagePickerController/Resource
  - DKImagePickerController/ImageDataManager (4.3.4)
  - DKImagePickerController/PhotoGallery (4.3.4):
    - DKImagePickerController/Core
    - DKPhotoGallery
  - DKImagePickerController/Resource (4.3.4)
  - DKPhotoGallery (0.0.17):
    - DKPhotoGallery/Core (= 0.0.17)
    - DKPhotoGallery/Model (= 0.0.17)
    - DKPhotoGallery/Preview (= 0.0.17)
    - DKPhotoGallery/Resource (= 0.0.17)
    - SDWebImage
    - SwiftyGif
  - DKPhotoGallery/Core (0.0.17):
    - DKPhotoGallery/Model
    - DKPhotoGallery/Preview
    - SDWebImage
    - SwiftyGif
  - DKPhotoGallery/Model (0.0.17):
    - SDWebImage
    - SwiftyGif
  - DKPhotoGallery/Preview (0.0.17):
    - DKPhotoGallery/Model
    - DKPhotoGallery/Resource
    - SDWebImage
    - SwiftyGif
  - DKPhotoGallery/Resource (0.0.17):
    - SDWebImage
    - SwiftyGif
  - dropbox_client (1.0.0):
    - Flutter
    - ObjectiveDropboxOfficial
  - edit_calendar_event_view (0.0.1):
    - Flutter
  - file_picker (0.0.1):
    - DKImagePickerController/PhotoGallery
    - Flutter
  - Flutter (1.0.0)
  - flutter_pdfview (1.0.2):
    - Flutter
  - flutter_sound (8.5.0):
    - Flutter
    - flutter_sound_core (= 8.5.0)
    - mobile-ffmpeg-audio (= 4.4.LTS)
  - flutter_sound_core (8.5.0)
  - flutter_timezone (0.0.1):
    - Flutter
  - fluttertoast (0.0.2):
    - Flutter
    - Toast
  - google_sign_in_ios (0.0.1):
    - Flutter
    - FlutterMacOS
    - GoogleSignIn (~> 7.0.0)
  - GoogleSignIn (7.0.0):
    - AppAuth (~> 1.5)
    - GTMAppAuth (< 3.0, >= 1.3)
    - GTMSessionFetcher/Core (< 4.0, >= 1.1)
  - GTMAppAuth (2.0.0):
    - AppAuth/Core (~> 1.6)
    - GTMSessionFetcher/Core (< 4.0, >= 1.5)
  - GTMSessionFetcher/Core (3.3.1)
  - image_picker_ios (0.0.1):
    - Flutter
  - mobile-ffmpeg-audio (4.4.LTS)
  - MTBBarcodeScanner (5.0.11)
  - nb_utils (0.0.1):
    - Flutter
  - ObjectiveDropboxOfficial (7.2.0)
  - path_provider_foundation (0.0.1):
    - Flutter
    - FlutterMacOS
  - permission_handler_apple (9.3.0):
    - Flutter
  - qr_code_scanner (0.2.0):
    - Flutter
    - MTBBarcodeScanner
  - ReachabilitySwift (5.0.0)
  - SDWebImage (5.19.0):
    - SDWebImage/Core (= 5.19.0)
  - SDWebImage/Core (5.19.0)
  - shared_preferences_foundation (0.0.1):
    - Flutter
    - FlutterMacOS
  - smart_auth (0.0.1):
    - Flutter
  - SwiftyGif (5.4.4)
  - Toast (4.1.0)
  - url_launcher_ios (0.0.1):
    - Flutter
  - video_player_avfoundation (0.0.1):
    - Flutter
    - FlutterMacOS
  - webview_flutter_wkwebview (0.0.1):
    - Flutter

DEPENDENCIES:
  - camera_avfoundation (from `.symlinks/plugins/camera_avfoundation/ios`)
  - connectivity_plus (from `.symlinks/plugins/connectivity_plus/ios`)
  - device_calendar (from `.symlinks/plugins/device_calendar/ios`)
  - dropbox_client (from `.symlinks/plugins/dropbox_client/ios`)
  - edit_calendar_event_view (from `.symlinks/plugins/edit_calendar_event_view/ios`)
  - file_picker (from `.symlinks/plugins/file_picker/ios`)
  - Flutter (from `Flutter`)
  - flutter_pdfview (from `.symlinks/plugins/flutter_pdfview/ios`)
  - flutter_sound (from `.symlinks/plugins/flutter_sound/ios`)
  - flutter_timezone (from `.symlinks/plugins/flutter_timezone/ios`)
  - fluttertoast (from `.symlinks/plugins/fluttertoast/ios`)
  - google_sign_in_ios (from `.symlinks/plugins/google_sign_in_ios/darwin`)
  - image_picker_ios (from `.symlinks/plugins/image_picker_ios/ios`)
  - nb_utils (from `.symlinks/plugins/nb_utils/ios`)
  - path_provider_foundation (from `.symlinks/plugins/path_provider_foundation/darwin`)
  - permission_handler_apple (from `.symlinks/plugins/permission_handler_apple/ios`)
  - qr_code_scanner (from `.symlinks/plugins/qr_code_scanner/ios`)
  - shared_preferences_foundation (from `.symlinks/plugins/shared_preferences_foundation/darwin`)
  - smart_auth (from `.symlinks/plugins/smart_auth/ios`)
  - url_launcher_ios (from `.symlinks/plugins/url_launcher_ios/ios`)
  - video_player_avfoundation (from `.symlinks/plugins/video_player_avfoundation/darwin`)
  - webview_flutter_wkwebview (from `.symlinks/plugins/webview_flutter_wkwebview/ios`)

SPEC REPOS:
  trunk:
    - AppAuth
    - DKImagePickerController
    - DKPhotoGallery
    - flutter_sound_core
    - GoogleSignIn
    - GTMAppAuth
    - GTMSessionFetcher
    - mobile-ffmpeg-audio
    - MTBBarcodeScanner
    - ObjectiveDropboxOfficial
    - ReachabilitySwift
    - SDWebImage
    - SwiftyGif
    - Toast

EXTERNAL SOURCES:
  camera_avfoundation:
    :path: ".symlinks/plugins/camera_avfoundation/ios"
  connectivity_plus:
    :path: ".symlinks/plugins/connectivity_plus/ios"
  device_calendar:
    :path: ".symlinks/plugins/device_calendar/ios"
  dropbox_client:
    :path: ".symlinks/plugins/dropbox_client/ios"
  edit_calendar_event_view:
    :path: ".symlinks/plugins/edit_calendar_event_view/ios"
  file_picker:
    :path: ".symlinks/plugins/file_picker/ios"
  Flutter:
    :path: Flutter
  flutter_pdfview:
    :path: ".symlinks/plugins/flutter_pdfview/ios"
  flutter_sound:
    :path: ".symlinks/plugins/flutter_sound/ios"
  flutter_timezone:
    :path: ".symlinks/plugins/flutter_timezone/ios"
  fluttertoast:
    :path: ".symlinks/plugins/fluttertoast/ios"
  google_sign_in_ios:
    :path: ".symlinks/plugins/google_sign_in_ios/darwin"
  image_picker_ios:
    :path: ".symlinks/plugins/image_picker_ios/ios"
  nb_utils:
    :path: ".symlinks/plugins/nb_utils/ios"
  path_provider_foundation:
    :path: ".symlinks/plugins/path_provider_foundation/darwin"
  permission_handler_apple:
    :path: ".symlinks/plugins/permission_handler_apple/ios"
  qr_code_scanner:
    :path: ".symlinks/plugins/qr_code_scanner/ios"
  shared_preferences_foundation:
    :path: ".symlinks/plugins/shared_preferences_foundation/darwin"
  smart_auth:
    :path: ".symlinks/plugins/smart_auth/ios"
  url_launcher_ios:
    :path: ".symlinks/plugins/url_launcher_ios/ios"
  video_player_avfoundation:
    :path: ".symlinks/plugins/video_player_avfoundation/darwin"
  webview_flutter_wkwebview:
    :path: ".symlinks/plugins/webview_flutter_wkwebview/ios"

SPEC CHECKSUMS:
  AppAuth: 3bb1d1cd9340bd09f5ed189fb00b1cc28e1e8570
  camera_avfoundation: 759172d1a77ae7be0de08fc104cfb79738b8a59e
  connectivity_plus: bf0076dd84a130856aa636df1c71ccaff908fa1d
  device_calendar: 9cb33f88a02e19652ec7b8b122ca778f751b1f7b
  DKImagePickerController: b512c28220a2b8ac7419f21c491fc8534b7601ac
  DKPhotoGallery: fdfad5125a9fdda9cc57df834d49df790dbb4179
  dropbox_client: d876dfb94067101d8ae69130e866b48cff9f5f84
  edit_calendar_event_view: 572b38880cc31477cc6f2780de09f111df08ab88
  file_picker: 09aa5ec1ab24135ccd7a1621c46c84134bfd6655
  Flutter: e0871f40cf51350855a761d2e70bf5af5b9b5de7
  flutter_pdfview: 25f53dd6097661e6395b17de506e6060585946bd
  flutter_sound: ba7daf658dea78e9f18b79657338bfc222489f4f
  flutter_sound_core: d9396f10752a0df9aa3197f4c431d62d934918cc
  flutter_timezone: ffb07bdad3c6276af8dada0f11978d8a1f8a20bb
  fluttertoast: 9f2f8e81bb5ce18facb9748d7855bf5a756fe3db
  google_sign_in_ios: 7c205d44fdc266640375c6ac33d96ba3983dbe02
  GoogleSignIn: b232380cf495a429b8095d3178a8d5855b42e842
  GTMAppAuth: 99fb010047ba3973b7026e45393f51f27ab965ae
  GTMSessionFetcher: 8a1b34ad97ebe6f909fb8b9b77fba99943007556
  image_picker_ios: b545a5f16c0fa88e3ecbbce3ed4de45567a8ec18
  mobile-ffmpeg-audio: 1e0a053f8a6de57114e50ff48b3a85ff1c60f902
  MTBBarcodeScanner: f453b33c4b7dfe545d8c6484ed744d55671788cb
  nb_utils: ada4338858d8827ec92fdab2a545206b4ba4cfb1
  ObjectiveDropboxOfficial: 3dba00f6d697f300321ae40f1f54223518c1fd86
  path_provider_foundation: 3784922295ac71e43754bd15e0653ccfd36a147c
  permission_handler_apple: 9878588469a2b0d0fc1e048d9f43605f92e6cec2
  qr_code_scanner: bb67d64904c3b9658ada8c402e8b4d406d5d796e
  ReachabilitySwift: 985039c6f7b23a1da463388634119492ff86c825
  SDWebImage: 981fd7e860af070920f249fd092420006014c3eb
  shared_preferences_foundation: b4c3b4cddf1c21f02770737f147a3f5da9d39695
  smart_auth: 4bedbc118723912d0e45a07e8ab34039c19e04f2
  SwiftyGif: 93a1cc87bf3a51916001cf8f3d63835fb64c819f
  Toast: ec33c32b8688982cecc6348adeae667c1b9938da
  url_launcher_ios: 6116280ddcfe98ab8820085d8d76ae7449447586
  video_player_avfoundation: 2b4384f3b157206b5e150a0083cdc0c905d260d3
  webview_flutter_wkwebview: be0f0d33777f1bfd0c9fdcb594786704dbf65f36

PODFILE CHECKSUM: 819463e6a0290f5a72f145ba7cde16e8b6ef0796

COCOAPODS: 1.15.2
